// !$*UTF8*$!
{
	archiveVersion = 1;
	classes = {
	};
	objectVersion = 77;
	objects = {

/* Begin PBXBuildFile section */
		306ECE803F1F97DCE550478F /* SessionCore.swift in Sources */ = {isa = PBXBuildFile; fileRef = 8C4C2E8E570194363C74C8AB /* SessionCore.swift */; };
		60629C27FD7B528C399C2C4B /* SessionScanner.swift in Sources */ = {isa = PBXBuildFile; fileRef = 52113B2423B19CAF41412D8C /* SessionScanner.swift */; };
		63AD4BDF3AE0756EE991E3C6 /* SessionMenu.swift in Sources */ = {isa = PBXBuildFile; fileRef = C58B2822293791AF23F1FF9A /* SessionMenu.swift */; };
		6670137ADD3B988A40305A82 /* SessionStore.swift in Sources */ = {isa = PBXBuildFile; fileRef = 97A82BC2FD1FB669559DB5B9 /* SessionStore.swift */; };
		F6F8B7AAA30DD6A484364113 /* SessionMenuView.swift in Sources */ = {isa = PBXBuildFile; fileRef = 5243442D1417204432E7FCA6 /* SessionMenuView.swift */; };
		F94B7B09F860698B8482FFC0 /* Assets.xcassets in Resources */ = {isa = PBXBuildFile; fileRef = 1649C4FD51CC78EB2FAFDEBD /* Assets.xcassets */; };
/* End PBXBuildFile section */

/* Begin PBXFileReference section */
		1649C4FD51CC78EB2FAFDEBD /* Assets.xcassets */ = {isa = PBXFileReference; lastKnownFileType = folder.assetcatalog; path = Assets.xcassets; sourceTree = "<group>"; };
		52113B2423B19CAF41412D8C /* SessionScanner.swift */ = {isa = PBXFileReference; lastKnownFileType = sourcecode.swift; path = SessionScanner.swift; sourceTree = "<group>"; };
		5243442D1417204432E7FCA6 /* SessionMenuView.swift */ = {isa = PBXFileReference; lastKnownFileType = sourcecode.swift; path = SessionMenuView.swift; sourceTree = "<group>"; };
		7C41F75AE70F83C1CD18CEDE /* SessionMenu.app */ = {isa = PBXFileReference; explicitFileType = wrapper.application; includeInIndex = 0; path = SessionMenu.app; sourceTree = BUILT_PRODUCTS_DIR; };
		8C4C2E8E570194363C74C8AB /* SessionCore.swift */ = {isa = PBXFileReference; lastKnownFileType = sourcecode.swift; path = SessionCore.swift; sourceTree = "<group>"; };
		97A82BC2FD1FB669559DB5B9 /* SessionStore.swift */ = {isa = PBXFileReference; lastKnownFileType = sourcecode.swift; path = SessionStore.swift; sourceTree = "<group>"; };
		C58B2822293791AF23F1FF9A /* SessionMenu.swift */ = {isa = PBXFileReference; lastKnownFileType = sourcecode.swift; path = SessionMenu.swift; sourceTree = "<group>"; };
/* End PBXFileReference section */

/* Begin PBXGroup section */
		045A46D0EDBA2067B39BEA56 /* SessionMenu */ = {
			isa = PBXGroup;
			children = (
				1649C4FD51CC78EB2FAFDEBD /* Assets.xcassets */,
				8C4C2E8E570194363C74C8AB /* SessionCore.swift */,
				C58B2822293791AF23F1FF9A /* SessionMenu.swift */,
				5243442D1417204432E7FCA6 /* SessionMenuView.swift */,
				52113B2423B19CAF41412D8C /* SessionScanner.swift */,
				97A82BC2FD1FB669559DB5B9 /* SessionStore.swift */,
			);
			name = SessionMenu;
			path = Sources/SessionMenu;
			sourceTree = "<group>";
		};
		556D6C37FE77DCAF775B5B9A /* Products */ = {
			isa = PBXGroup;
			children = (
				7C41F75AE70F83C1CD18CEDE /* SessionMenu.app */,
			);
			name = Products;
			sourceTree = "<group>";
		};
		E85041D5A9677CD329B5EF3B = {
			isa = PBXGroup;
			children = (
				045A46D0EDBA2067B39BEA56 /* SessionMenu */,
				556D6C37FE77DCAF775B5B9A /* Products */,
			);
			sourceTree = "<group>";
		};
/* End PBXGroup section */

/* Begin PBXNativeTarget section */
		AE63A60454B8CF734907534D /* SessionMenu */ = {
			isa = PBXNativeTarget;
			buildConfigurationList = D529FC02AD58A14E86186125 /* Build configuration list for PBXNativeTarget "SessionMenu" */;
			buildPhases = (
				72CD078B653FFA788932FE92 /* Sources */,
				58920F4944C9C2137261027D /* Resources */,
			);
			buildRules = (
			);
			dependencies = (
			);
			name = SessionMenu;
			packageProductDependencies = (
			);
			productName = SessionMenu;
			productReference = 7C41F75AE70F83C1CD18CEDE /* SessionMenu.app */;
			productType = "com.apple.product-type.application";
		};
/* End PBXNativeTarget section */

/* Begin PBXProject section */
		660E012A05E2A90A73F2E47C /* Project object */ = {
			isa = PBXProject;
			attributes = {
				BuildIndependentTargetsInParallel = YES;
				LastUpgradeCheck = 1430;
				TargetAttributes = {
					AE63A60454B8CF734907534D = {
						ProvisioningStyle = Automatic;
					};
				};
			};
			buildConfigurationList = 68EBC4476CE15641EBFDC10A /* Build configuration list for PBXProject "SessionMenu" */;
			developmentRegion = en;
			hasScannedForEncodings = 0;
			knownRegions = (
				Base,
				en,
			);
			mainGroup = E85041D5A9677CD329B5EF3B;
			minimizedProjectReferenceProxies = 1;
			preferredProjectObjectVersion = 77;
			productRefGroup = 556D6C37FE77DCAF775B5B9A /* Products */;
			projectDirPath = "";
			projectRoot = "";
			targets = (
				AE63A60454B8CF734907534D /* SessionMenu */,
			);
		};
/* End PBXProject section */

/* Begin PBXResourcesBuildPhase section */
		58920F4944C9C2137261027D /* Resources */ = {
			isa = PBXResourcesBuildPhase;
			buildActionMask = 2147483647;
			files = (
				F94B7B09F860698B8482FFC0 /* Assets.xcassets in Resources */,
			);
			runOnlyForDeploymentPostprocessing = 0;
		};
/* End PBXResourcesBuildPhase section */

/* Begin PBXSourcesBuildPhase section */
		72CD078B653FFA788932FE92 /* Sources */ = {
			isa = PBXSourcesBuildPhase;
			buildActionMask = 2147483647;
			files = (
				306ECE803F1F97DCE550478F /* SessionCore.swift in Sources */,
				63AD4BDF3AE0756EE991E3C6 /* SessionMenu.swift in Sources */,
				F6F8B7AAA30DD6A484364113 /* SessionMenuView.swift in Sources */,
				60629C27FD7B528C399C2C4B /* SessionScanner.swift in Sources */,
				6670137ADD3B988A40305A82 /* SessionStore.swift in Sources */,
			);
			runOnlyForDeploymentPostprocessing = 0;
		};
/* End PBXSourcesBuildPhase section */

/* Begin XCBuildConfiguration section */
		3A8E8CB36D65518C029AA3D0 /* Debug */ = {
			isa = XCBuildConfiguration;
			buildSettings = {
				ASSETCATALOG_COMPILER_APPICON_NAME = AppIcon;
				CODE_SIGN_STYLE = Automatic;
				COMBINE_HIDPI_IMAGES = YES;
				CURRENT_PROJECT_VERSION = 1;
				ENABLE_HARDENED_RUNTIME = YES;
				GENERATE_INFOPLIST_FILE = YES;
				INFOPLIST_KEY_CFBundleDisplayName = "Sesshy";
				INFOPLIST_KEY_LSApplicationCategoryType = "public.app-category.developer-tools";
				INFOPLIST_KEY_LSUIElement = YES;
				LD_RUNPATH_SEARCH_PATHS = (
					"$(inherited)",
					"@executable_path/../Frameworks",
				);
				MACOSX_DEPLOYMENT_TARGET = 14.0;
				MARKETING_VERSION = 0.1.0;
				PRODUCT_BUNDLE_IDENTIFIER = dev.isaac.sessionmenu;
				PRODUCT_NAME = "Sesshy";
				SDKROOT = macosx;
			};
			name = Debug;
		};
		418A1C7FBFD68F76EFBD1F87 /* Debug */ = {
			isa = XCBuildConfiguration;
			buildSettings = {
				ALWAYS_SEARCH_USER_PATHS = NO;
				CLANG_ANALYZER_NONNULL = YES;
				CLANG_ANALYZER_NUMBER_OBJECT_CONVERSION = YES_AGGRESSIVE;
				CLANG_CXX_LANGUAGE_STANDARD = "gnu++14";
				CLANG_CXX_LIBRARY = "libc++";
				CLANG_ENABLE_MODULES = YES;
				CLANG_ENABLE_OBJC_ARC = YES;
				CLANG_ENABLE_OBJC_WEAK = YES;
				CLANG_WARN_BLOCK_CAPTURE_AUTORELEASING = YES;
				CLANG_WARN_BOOL_CONVERSION = YES;
				CLANG_WARN_COMMA = YES;
				CLANG_WARN_CONSTANT_CONVERSION = YES;
				CLANG_WARN_DEPRECATED_OBJC_IMPLEMENTATIONS = YES;
				CLANG_WARN_DIRECT_OBJC_ISA_USAGE = YES_ERROR;
				CLANG_WARN_DOCUMENTATION_COMMENTS = YES;
				CLANG_WARN_EMPTY_BODY = YES;
				CLANG_WARN_ENUM_CONVERSION = YES;
				CLANG_WARN_INFINITE_RECURSION = YES;
				CLANG_WARN_INT_CONVERSION = YES;
				CLANG_WARN_NON_LITERAL_NULL_CONVERSION = YES;
				CLANG_WARN_OBJC_IMPLICIT_RETAIN_SELF = YES;
				CLANG_WARN_OBJC_LITERAL_CONVERSION = YES;
				CLANG_WARN_OBJC_ROOT_CLASS = YES_ERROR;
				CLANG_WARN_QUOTED_INCLUDE_IN_FRAMEWORK_HEADER = YES;
				CLANG_WARN_RANGE_LOOP_ANALYSIS = YES;
				CLANG_WARN_STRICT_PROTOTYPES = YES;
				CLANG_WARN_SUSPICIOUS_MOVE = YES;
				CLANG_WARN_UNGUARDED_AVAILABILITY = YES_AGGRESSIVE;
				CLANG_WARN_UNREACHABLE_CODE = YES;
				CLANG_WARN__DUPLICATE_METHOD_MATCH = YES;
				COPY_PHASE_STRIP = NO;
				DEBUG_INFORMATION_FORMAT = dwarf;
				ENABLE_STRICT_OBJC_MSGSEND = YES;
				ENABLE_TESTABILITY = YES;
				GCC_C_LANGUAGE_STANDARD = gnu11;
				GCC_DYNAMIC_NO_PIC = NO;
				GCC_NO_COMMON_BLOCKS = YES;
				GCC_OPTIMIZATION_LEVEL = 0;
				GCC_PREPROCESSOR_DEFINITIONS = (
					"$(inherited)",
					"DEBUG=1",
				);
				GCC_WARN_64_TO_32_BIT_CONVERSION = YES;
				GCC_WARN_ABOUT_RETURN_TYPE = YES_ERROR;
				GCC_WARN_UNDECLARED_SELECTOR = YES;
				GCC_WARN_UNINITIALIZED_AUTOS = YES_AGGRESSIVE;
				GCC_WARN_UNUSED_FUNCTION = YES;
				GCC_WARN_UNUSED_VARIABLE = YES;
				MACOSX_DEPLOYMENT_TARGET = 14.0;
				MTL_ENABLE_DEBUG_INFO = INCLUDE_SOURCE;
				MTL_FAST_MATH = YES;
				ONLY_ACTIVE_ARCH = YES;
				PRODUCT_NAME = "$(TARGET_NAME)";
				SDKROOT = macosx;
				SWIFT_ACTIVE_COMPILATION_CONDITIONS = DEBUG;
				SWIFT_OPTIMIZATION_LEVEL = "-Onone";
				SWIFT_VERSION = 6.0;
			};
			name = Debug;
		};
		B749E63C6BE696B72A193629 /* Release */ = {
			isa = XCBuildConfiguration;
			buildSettings = {
				ALWAYS_SEARCH_USER_PATHS = NO;
				CLANG_ANALYZER_NONNULL = YES;
				CLANG_ANALYZER_NUMBER_OBJECT_CONVERSION = YES_AGGRESSIVE;
				CLANG_CXX_LANGUAGE_STANDARD = "gnu++14";
				CLANG_CXX_LIBRARY = "libc++";
				CLANG_ENABLE_MODULES = YES;
				CLANG_ENABLE_OBJC_ARC = YES;
				CLANG_ENABLE_OBJC_WEAK = YES;
				CLANG_WARN_BLOCK_CAPTURE_AUTORELEASING = YES;
				CLANG_WARN_BOOL_CONVERSION = YES;
				CLANG_WARN_COMMA = YES;
				CLANG_WARN_CONSTANT_CONVERSION = YES;
				CLANG_WARN_DEPRECATED_OBJC_IMPLEMENTATIONS = YES;
				CLANG_WARN_DIRECT_OBJC_ISA_USAGE = YES_ERROR;
				CLANG_WARN_DOCUMENTATION_COMMENTS = YES;
				CLANG_WARN_EMPTY_BODY = YES;
				CLANG_WARN_ENUM_CONVERSION = YES;
				CLANG_WARN_INFINITE_RECURSION = YES;
				CLANG_WARN_INT_CONVERSION = YES;
				CLANG_WARN_NON_LITERAL_NULL_CONVERSION = YES;
				CLANG_WARN_OBJC_IMPLICIT_RETAIN_SELF = YES;
				CLANG_WARN_OBJC_LITERAL_CONVERSION = YES;
				CLANG_WARN_OBJC_ROOT_CLASS = YES_ERROR;
				CLANG_WARN_QUOTED_INCLUDE_IN_FRAMEWORK_HEADER = YES;
				CLANG_WARN_RANGE_LOOP_ANALYSIS = YES;
				CLANG_WARN_STRICT_PROTOTYPES = YES;
				CLANG_WARN_SUSPICIOUS_MOVE = YES;
				CLANG_WARN_UNGUARDED_AVAILABILITY = YES_AGGRESSIVE;
				CLANG_WARN_UNREACHABLE_CODE = YES;
				CLANG_WARN__DUPLICATE_METHOD_MATCH = YES;
				COPY_PHASE_STRIP = NO;
				DEBUG_INFORMATION_FORMAT = "dwarf-with-dsym";
				ENABLE_NS_ASSERTIONS = NO;
				ENABLE_STRICT_OBJC_MSGSEND = YES;
				GCC_C_LANGUAGE_STANDARD = gnu11;
				GCC_NO_COMMON_BLOCKS = YES;
				GCC_WARN_64_TO_32_BIT_CONVERSION = YES;
				GCC_WARN_ABOUT_RETURN_TYPE = YES_ERROR;
				GCC_WARN_UNDECLARED_SELECTOR = YES;
				GCC_WARN_UNINITIALIZED_AUTOS = YES_AGGRESSIVE;
				GCC_WARN_UNUSED_FUNCTION = YES;
				GCC_WARN_UNUSED_VARIABLE = YES;
				MACOSX_DEPLOYMENT_TARGET = 14.0;
				MTL_ENABLE_DEBUG_INFO = NO;
				MTL_FAST_MATH = YES;
				PRODUCT_NAME = "$(TARGET_NAME)";
				SDKROOT = macosx;
				SWIFT_COMPILATION_MODE = wholemodule;
				SWIFT_OPTIMIZATION_LEVEL = "-O";
				SWIFT_VERSION = 6.0;
			};
			name = Release;
		};
		CC765E5DC7B3747760303B74 /* Release */ = {
			isa = XCBuildConfiguration;
			buildSettings = {
				ASSETCATALOG_COMPILER_APPICON_NAME = AppIcon;
				CODE_SIGN_STYLE = Automatic;
				COMBINE_HIDPI_IMAGES = YES;
				CURRENT_PROJECT_VERSION = 1;
				ENABLE_HARDENED_RUNTIME = YES;
				GENERATE_INFOPLIST_FILE = YES;
				INFOPLIST_KEY_CFBundleDisplayName = "Sesshy";
				INFOPLIST_KEY_LSApplicationCategoryType = "public.app-category.developer-tools";
				INFOPLIST_KEY_LSUIElement = YES;
				LD_RUNPATH_SEARCH_PATHS = (
					"$(inherited)",
					"@executable_path/../Frameworks",
				);
				MACOSX_DEPLOYMENT_TARGET = 14.0;
				MARKETING_VERSION = 0.1.0;
				PRODUCT_BUNDLE_IDENTIFIER = dev.isaac.sessionmenu;
				PRODUCT_NAME = "Sesshy";
				SDKROOT = macosx;
			};
			name = Release;
		};
/* End XCBuildConfiguration section */

/* Begin XCConfigurationList section */
		68EBC4476CE15641EBFDC10A /* Build configuration list for PBXProject "SessionMenu" */ = {
			isa = XCConfigurationList;
			buildConfigurations = (
				418A1C7FBFD68F76EFBD1F87 /* Debug */,
				B749E63C6BE696B72A193629 /* Release */,
			);
			defaultConfigurationIsVisible = 0;
			defaultConfigurationName = Debug;
		};
		D529FC02AD58A14E86186125 /* Build configuration list for PBXNativeTarget "SessionMenu" */ = {
			isa = XCConfigurationList;
			buildConfigurations = (
				3A8E8CB36D65518C029AA3D0 /* Debug */,
				CC765E5DC7B3747760303B74 /* Release */,
			);
			defaultConfigurationIsVisible = 0;
			defaultConfigurationName = Debug;
		};
/* End XCConfigurationList section */
	};
	rootObject = 660E012A05E2A90A73F2E47C /* Project object */;
}
